// !$*UTF8*$!
{
	archiveVersion = 1;
	classes = {
	};
	objectVersion = 77;
	objects = {

/* Begin PBXBuildFile section */
		4514B9672F62E11D000C09AF /* FirebaseCore in Frameworks */ = {isa = PBXBuildFile; productRef = 4514B9662F62E11D000C09AF /* FirebaseCore */; };
		4514B9692F62E1B4000C09AF /* FirebaseAnalytics in Frameworks */ = {isa = PBXBuildFile; productRef = 4514B9682F62E1B4000C09AF /* FirebaseAnalytics */; };
		4514B96B2F62E1C1000C09AF /* FirebaseAppDistribution-Beta in Frameworks */ = {isa = PBXBuildFile; productRef = 4514B96A2F62E1C1000C09AF /* FirebaseAppDistribution-Beta */; };
		451ED4452F543EDB009AC3EA /* Assets.xcassets in Resources */ = {isa = PBXBuildFile; fileRef = 451ED4442F543EDB009AC3EA /* Assets.xcassets */; };
		451ED4532F543F27009AC3EA /* Poppins-Regular.ttf 11-21-22-852.ttf in Resources */ = {isa = PBXBuildFile; fileRef = 451ED44E2F543F27009AC3EA /* Poppins-Regular.ttf 11-21-22-852.ttf */; };
		451ED4542F543F27009AC3EA /* Poppins-Light.ttf in Resources */ = {isa = PBXBuildFile; fileRef = 451ED44C2F543F27009AC3EA /* Poppins-Light.ttf */; };
		451ED4552F543F27009AC3EA /* Poppins-Medium.ttf in Resources */ = {isa = PBXBuildFile; fileRef = 451ED44D2F543F27009AC3EA /* Poppins-Medium.ttf */; };
		451ED4562F543F27009AC3EA /* OFL.txt in Resources */ = {isa = PBXBuildFile; fileRef = 451ED4462F543F27009AC3EA /* OFL.txt */; };
		451ED4572F543F27009AC3EA /* Poppins-SemiBold.ttf in Resources */ = {isa = PBXBuildFile; fileRef = 451ED44F2F543F27009AC3EA /* Poppins-SemiBold.ttf */; };
		451ED4582F543F27009AC3EA /* Poppins-ExtraBold.ttf in Resources */ = {isa = PBXBuildFile; fileRef = 451ED4492F543F27009AC3EA /* Poppins-ExtraBold.ttf */; };
		451ED4592F543F27009AC3EA /* Poppins-Thin.ttf in Resources */ = {isa = PBXBuildFile; fileRef = 451ED4502F543F27009AC3EA /* Poppins-Thin.ttf */; };
		451ED45A2F543F27009AC3EA /* Poppins-Italic.ttf in Resources */ = {isa = PBXBuildFile; fileRef = 451ED44B2F543F27009AC3EA /* Poppins-Italic.ttf */; };
		451ED45B2F543F27009AC3EA /* Poppins-Bold.ttf in Resources */ = {isa = PBXBuildFile; fileRef = 451ED4482F543F27009AC3EA /* Poppins-Bold.ttf */; };
		451ED45C2F543F27009AC3EA /* Poppins-Black.ttf in Resources */ = {isa = PBXBuildFile; fileRef = 451ED4472F543F27009AC3EA /* Poppins-Black.ttf */; };
		451ED45D2F543F27009AC3EA /* Poppins-ExtraLight.ttf in Resources */ = {isa = PBXBuildFile; fileRef = 451ED44A2F543F27009AC3EA /* Poppins-ExtraLight.ttf */; };
		451ED6AB2F5860C6009AC3EA /* IQKeyboardManagerSwift in Frameworks */ = {isa = PBXBuildFile; productRef = 451ED6AA2F5860C6009AC3EA /* IQKeyboardManagerSwift */; };
		4580C6E92F7F0B05003BBEBE /* Kingfisher in Frameworks */ = {isa = PBXBuildFile; productRef = 4580C6E82F7F0B05003BBEBE /* Kingfisher */; };
		45AFE61E2F90E84700380C1C /* Shimmer in Frameworks */ = {isa = PBXBuildFile; productRef = 45AFE61D2F90E84700380C1C /* Shimmer */; };
		45D324022F4C721D00C34BF1 /* MOLH in Frameworks */ = {isa = PBXBuildFile; productRef = 45D324012F4C721D00C34BF1 /* MOLH */; };
/* End PBXBuildFile section */

/* Begin PBXFileReference section */
		451ED4442F543EDB009AC3EA /* Assets.xcassets */ = {isa = PBXFileReference; lastKnownFileType = folder.assetcatalog; path = Assets.xcassets; sourceTree = "<group>"; };
		451ED4462F543F27009AC3EA /* OFL.txt */ = {isa = PBXFileReference; lastKnownFileType = text; path = OFL.txt; sourceTree = "<group>"; };
		451ED4472F543F27009AC3EA /* Poppins-Black.ttf */ = {isa = PBXFileReference; lastKnownFileType = file; path = "Poppins-Black.ttf"; sourceTree = "<group>"; };
		451ED4482F543F27009AC3EA /* Poppins-Bold.ttf */ = {isa = PBXFileReference; lastKnownFileType = file; path = "Poppins-Bold.ttf"; sourceTree = "<group>"; };
		451ED4492F543F27009AC3EA /* Poppins-ExtraBold.ttf */ = {isa = PBXFileReference; lastKnownFileType = file; path = "Poppins-ExtraBold.ttf"; sourceTree = "<group>"; };
		451ED44A2F543F27009AC3EA /* Poppins-ExtraLight.ttf */ = {isa = PBXFileReference; lastKnownFileType = file; path = "Poppins-ExtraLight.ttf"; sourceTree = "<group>"; };
		451ED44B2F543F27009AC3EA /* Poppins-Italic.ttf */ = {isa = PBXFileReference; lastKnownFileType = file; path = "Poppins-Italic.ttf"; sourceTree = "<group>"; };
		451ED44C2F543F27009AC3EA /* Poppins-Light.ttf */ = {isa = PBXFileReference; lastKnownFileType = file; path = "Poppins-Light.ttf"; sourceTree = "<group>"; };
		451ED44D2F543F27009AC3EA /* Poppins-Medium.ttf */ = {isa = PBXFileReference; lastKnownFileType = file; path = "Poppins-Medium.ttf"; sourceTree = "<group>"; };
		451ED44E2F543F27009AC3EA /* Poppins-Regular.ttf 11-21-22-852.ttf */ = {isa = PBXFileReference; lastKnownFileType = file; path = "Poppins-Regular.ttf 11-21-22-852.ttf"; sourceTree = "<group>"; };
		451ED44F2F543F27009AC3EA /* Poppins-SemiBold.ttf */ = {isa = PBXFileReference; lastKnownFileType = file; path = "Poppins-SemiBold.ttf"; sourceTree = "<group>"; };
		451ED4502F543F27009AC3EA /* Poppins-Thin.ttf */ = {isa = PBXFileReference; lastKnownFileType = file; path = "Poppins-Thin.ttf"; sourceTree = "<group>"; };
		45E1DEE42F39C78500F2A199 /* AjjiLMB.app */ = {isa = PBXFileReference; explicitFileType = wrapper.application; includeInIndex = 0; path = AjjiLMB.app; sourceTree = BUILT_PRODUCTS_DIR; };
/* End PBXFileReference section */

/* Begin PBXFileSystemSynchronizedBuildFileExceptionSet section */
		45E1DEF32F39CFCB00F2A199 /* Exceptions for "AjjiL" folder in "AjjiLMB" target */ = {
			isa = PBXFileSystemSynchronizedBuildFileExceptionSet;
			membershipExceptions = (
				Info.plist,
			);
			target = 45E1DEE32F39C78500F2A199 /* AjjiLMB */;
		};
/* End PBXFileSystemSynchronizedBuildFileExceptionSet section */

/* Begin PBXFileSystemSynchronizedRootGroup section */
		45E1DEE62F39C78500F2A199 /* AjjiL */ = {
			isa = PBXFileSystemSynchronizedRootGroup;
			exceptions = (
				45E1DEF32F39CFCB00F2A199 /* Exceptions for "AjjiL" folder in "AjjiLMB" target */,
			);
			path = AjjiL;
			sourceTree = "<group>";
		};
/* End PBXFileSystemSynchronizedRootGroup section */

/* Begin PBXFrameworksBuildPhase section */
		45E1DEE12F39C78500F2A199 /* Frameworks */ = {
			isa = PBXFrameworksBuildPhase;
			buildActionMask = 2147483647;
			files = (
				4580C6E92F7F0B05003BBEBE /* Kingfisher in Frameworks */,
				45D324022F4C721D00C34BF1 /* MOLH in Frameworks */,
				4514B9672F62E11D000C09AF /* FirebaseCore in Frameworks */,
				4514B96B2F62E1C1000C09AF /* FirebaseAppDistribution-Beta in Frameworks */,
				4514B9692F62E1B4000C09AF /* FirebaseAnalytics in Frameworks */,
				45AFE61E2F90E84700380C1C /* Shimmer in Frameworks */,
				451ED6AB2F5860C6009AC3EA /* IQKeyboardManagerSwift in Frameworks */,
			);
			runOnlyForDeploymentPostprocessing = 0;
		};
/* End PBXFrameworksBuildPhase section */

/* Begin PBXGroup section */
		451ED4512F543F27009AC3EA /* Poppins */ = {
			isa = PBXGroup;
			children = (
				451ED4462F543F27009AC3EA /* OFL.txt */,
				451ED4472F543F27009AC3EA /* Poppins-Black.ttf */,
				451ED4482F543F27009AC3EA /* Poppins-Bold.ttf */,
				451ED4492F543F27009AC3EA /* Poppins-ExtraBold.ttf */,
				451ED44A2F543F27009AC3EA /* Poppins-ExtraLight.ttf */,
				451ED44B2F543F27009AC3EA /* Poppins-Italic.ttf */,
				451ED44C2F543F27009AC3EA /* Poppins-Light.ttf */,
				451ED44D2F543F27009AC3EA /* Poppins-Medium.ttf */,
				451ED44E2F543F27009AC3EA /* Poppins-Regular.ttf 11-21-22-852.ttf */,
				451ED44F2F543F27009AC3EA /* Poppins-SemiBold.ttf */,
				451ED4502F543F27009AC3EA /* Poppins-Thin.ttf */,
			);
			path = Poppins;
			sourceTree = "<group>";
		};
		451ED4522F543F27009AC3EA /* Fonts */ = {
			isa = PBXGroup;
			children = (
				451ED4512F543F27009AC3EA /* Poppins */,
			);
			path = Fonts;
			sourceTree = "<group>";
		};
		45E1DEDB2F39C78500F2A199 = {
			isa = PBXGroup;
			children = (
				451ED4522F543F27009AC3EA /* Fonts */,
				451ED4442F543EDB009AC3EA /* Assets.xcassets */,
				45E1DEE62F39C78500F2A199 /* AjjiL */,
				45F6DE032F62DF930027A6D7 /* Frameworks */,
				45E1DEE52F39C78500F2A199 /* Products */,
			);
			sourceTree = "<group>";
		};
		45E1DEE52F39C78500F2A199 /* Products */ = {
			isa = PBXGroup;
			children = (
				45E1DEE42F39C78500F2A199 /* AjjiLMB.app */,
			);
			name = Products;
			sourceTree = "<group>";
		};
		45F6DE032F62DF930027A6D7 /* Frameworks */ = {
			isa = PBXGroup;
			children = (
			);
			name = Frameworks;
			sourceTree = "<group>";
		};
/* End PBXGroup section */

/* Begin PBXNativeTarget section */
		45E1DEE32F39C78500F2A199 /* AjjiLMB */ = {
			isa = PBXNativeTarget;
			buildConfigurationList = 45E1DEEF2F39C78800F2A199 /* Build configuration list for PBXNativeTarget "AjjiLMB" */;
			buildPhases = (
				45E1DEE02F39C78500F2A199 /* Sources */,
				45E1DEE12F39C78500F2A199 /* Frameworks */,
				45E1DEE22F39C78500F2A199 /* Resources */,
			);
			buildRules = (
			);
			dependencies = (
			);
			fileSystemSynchronizedGroups = (
				45E1DEE62F39C78500F2A199 /* AjjiL */,
			);
			name = AjjiLMB;
			packageProductDependencies = (
				45D324012F4C721D00C34BF1 /* MOLH */,
				451ED6AA2F5860C6009AC3EA /* IQKeyboardManagerSwift */,
				4514B9662F62E11D000C09AF /* FirebaseCore */,
				4514B9682F62E1B4000C09AF /* FirebaseAnalytics */,
				4514B96A2F62E1C1000C09AF /* FirebaseAppDistribution-Beta */,
				4580C6E82F7F0B05003BBEBE /* Kingfisher */,
				45AFE61D2F90E84700380C1C /* Shimmer */,
			);
			productName = AjjiL;
			productReference = 45E1DEE42F39C78500F2A199 /* AjjiLMB.app */;
			productType = "com.apple.product-type.application";
		};
/* End PBXNativeTarget section */

/* Begin PBXProject section */
		45E1DEDC2F39C78500F2A199 /* Project object */ = {
			isa = PBXProject;
			attributes = {
				BuildIndependentTargetsInParallel = 1;
				LastSwiftUpdateCheck = 2610;
				LastUpgradeCheck = 2610;
				TargetAttributes = {
					45E1DEE32F39C78500F2A199 = {
						CreatedOnToolsVersion = 26.1.1;
					};
				};
			};
			buildConfigurationList = 45E1DEDF2F39C78500F2A199 /* Build configuration list for PBXProject "AjjiLMB" */;
			developmentRegion = en;
			hasScannedForEncodings = 0;
			knownRegions = (
				en,
				Base,
				ar,
			);
			mainGroup = 45E1DEDB2F39C78500F2A199;
			minimizedProjectReferenceProxies = 1;
			packageReferences = (
				45D324002F4C721D00C34BF1 /* XCRemoteSwiftPackageReference "MOLH" */,
				451ED6A92F5860C6009AC3EA /* XCRemoteSwiftPackageReference "IQKeyboardManager" */,
				45F6D9482F62DE7A0027A6D7 /* XCRemoteSwiftPackageReference "firebase-ios-sdk" */,
				4580C6E72F7F0B05003BBEBE /* XCRemoteSwiftPackageReference "kingfisher" */,
				45AFE61C2F90E84700380C1C /* XCRemoteSwiftPackageReference "swiftui-Shimmer" */,
			);
			preferredProjectObjectVersion = 77;
			productRefGroup = 45E1DEE52F39C78500F2A199 /* Products */;
			projectDirPath = "";
			projectRoot = "";
			targets = (
				45E1DEE32F39C78500F2A199 /* AjjiLMB */,
			);
		};
/* End PBXProject section */

/* Begin PBXResourcesBuildPhase section */
		45E1DEE22F39C78500F2A199 /* Resources */ = {
			isa = PBXResourcesBuildPhase;
			buildActionMask = 2147483647;
			files = (
				451ED4532F543F27009AC3EA /* Poppins-Regular.ttf 11-21-22-852.ttf in Resources */,
				451ED4542F543F27009AC3EA /* Poppins-Light.ttf in Resources */,
				451ED4552F543F27009AC3EA /* Poppins-Medium.ttf in Resources */,
				451ED4562F543F27009AC3EA /* OFL.txt in Resources */,
				451ED4572F543F27009AC3EA /* Poppins-SemiBold.ttf in Resources */,
				451ED4582F543F27009AC3EA /* Poppins-ExtraBold.ttf in Resources */,
				451ED4592F543F27009AC3EA /* Poppins-Thin.ttf in Resources */,
				451ED45A2F543F27009AC3EA /* Poppins-Italic.ttf in Resources */,
				451ED45B2F543F27009AC3EA /* Poppins-Bold.ttf in Resources */,
				451ED45C2F543F27009AC3EA /* Poppins-Black.ttf in Resources */,
				451ED45D2F543F27009AC3EA /* Poppins-ExtraLight.ttf in Resources */,
				451ED4452F543EDB009AC3EA /* Assets.xcassets in Resources */,
			);
			runOnlyForDeploymentPostprocessing = 0;
		};
/* End PBXResourcesBuildPhase section */

/* Begin PBXSourcesBuildPhase section */
		45E1DEE02F39C78500F2A199 /* Sources */ = {
			isa = PBXSourcesBuildPhase;
			buildActionMask = 2147483647;
			files = (
			);
			runOnlyForDeploymentPostprocessing = 0;
		};
/* End PBXSourcesBuildPhase section */

/* Begin XCBuildConfiguration section */
		45E1DEED2F39C78800F2A199 /* Debug */ = {
			isa = XCBuildConfiguration;
			buildSettings = {
				ALWAYS_SEARCH_USER_PATHS = NO;
				ASSETCATALOG_COMPILER_GENERATE_SWIFT_ASSET_SYMBOL_EXTENSIONS = YES;
				CLANG_ANALYZER_LOCALIZABILITY_NONLOCALIZED = YES;
				CLANG_ANALYZER_NONNULL = YES;
				CLANG_ANALYZER_NUMBER_OBJECT_CONVERSION = YES_AGGRESSIVE;
				CLANG_CXX_LANGUAGE_STANDARD = "gnu++20";
				CLANG_ENABLE_MODULES = YES;
				CLANG_ENABLE_OBJC_ARC = YES;
				CLANG_ENABLE_OBJC_WEAK = YES;
				CLANG_WARN_BLOCK_CAPTURE_AUTORELEASING = YES;
				CLANG_WARN_BOOL_CONVERSION = YES;
				CLANG_WARN_COMMA = YES;
				CLANG_WARN_CONSTANT_CONVERSION = YES;
				CLANG_WARN_DEPRECATED_OBJC_IMPLEMENTATIONS = YES;
				CLANG_WARN_DIRECT_OBJC_ISA_USAGE = YES_ERROR;
				CLANG_WARN_DOCUMENTATION_COMMENTS = YES;
				CLANG_WARN_EMPTY_BODY = YES;
				CLANG_WARN_ENUM_CONVERSION = YES;
				CLANG_WARN_INFINITE_RECURSION = YES;
				CLANG_WARN_INT_CONVERSION = YES;
				CLANG_WARN_NON_LITERAL_NULL_CONVERSION = YES;
				CLANG_WARN_OBJC_IMPLICIT_RETAIN_SELF = YES;
				CLANG_WARN_OBJC_LITERAL_CONVERSION = YES;
				CLANG_WARN_OBJC_ROOT_CLASS = YES_ERROR;
				CLANG_WARN_QUOTED_INCLUDE_IN_FRAMEWORK_HEADER = YES;
				CLANG_WARN_RANGE_LOOP_ANALYSIS = YES;
				CLANG_WARN_STRICT_PROTOTYPES = YES;
				CLANG_WARN_SUSPICIOUS_MOVE = YES;
				CLANG_WARN_UNGUARDED_AVAILABILITY = YES_AGGRESSIVE;
				CLANG_WARN_UNREACHABLE_CODE = YES;
				CLANG_WARN__DUPLICATE_METHOD_MATCH = YES;
				COPY_PHASE_STRIP = NO;
				DEBUG_INFORMATION_FORMAT = dwarf;
				ENABLE_STRICT_OBJC_MSGSEND = YES;
				ENABLE_TESTABILITY = YES;
				ENABLE_USER_SCRIPT_SANDBOXING = YES;
				GCC_C_LANGUAGE_STANDARD = gnu17;
				GCC_DYNAMIC_NO_PIC = NO;
				GCC_NO_COMMON_BLOCKS = YES;
				GCC_OPTIMIZATION_LEVEL = 0;
				GCC_PREPROCESSOR_DEFINITIONS = (
					"DEBUG=1",
					"$(inherited)",
				);
				GCC_WARN_64_TO_32_BIT_CONVERSION = YES;
				GCC_WARN_ABOUT_RETURN_TYPE = YES_ERROR;
				GCC_WARN_UNDECLARED_SELECTOR = YES;
				GCC_WARN_UNINITIALIZED_AUTOS = YES_AGGRESSIVE;
				GCC_WARN_UNUSED_FUNCTION = YES;
				GCC_WARN_UNUSED_VARIABLE = YES;
				IPHONEOS_DEPLOYMENT_TARGET = 26.1;
				LOCALIZATION_PREFERS_STRING_CATALOGS = YES;
				MTL_ENABLE_DEBUG_INFO = INCLUDE_SOURCE;
				MTL_FAST_MATH = YES;
				ONLY_ACTIVE_ARCH = YES;
				SDKROOT = iphoneos;
				SWIFT_ACTIVE_COMPILATION_CONDITIONS = "DEBUG $(inherited)";
				SWIFT_EMIT_LOC_STRINGS = YES;
				SWIFT_OPTIMIZATION_LEVEL = "-Onone";
			};
			name = Debug;
		};
		45E1DEEE2F39C78800F2A199 /* Release */ = {
			isa = XCBuildConfiguration;
			buildSettings = {
				ALWAYS_SEARCH_USER_PATHS = NO;
				ASSETCATALOG_COMPILER_GENERATE_SWIFT_ASSET_SYMBOL_EXTENSIONS = YES;
				CLANG_ANALYZER_LOCALIZABILITY_NONLOCALIZED = YES;
				CLANG_ANALYZER_NONNULL = YES;
				CLANG_ANALYZER_NUMBER_OBJECT_CONVERSION = YES_AGGRESSIVE;
				CLANG_CXX_LANGUAGE_STANDARD = "gnu++20";
				CLANG_ENABLE_MODULES = YES;
				CLANG_ENABLE_OBJC_ARC = YES;
				CLANG_ENABLE_OBJC_WEAK = YES;
				CLANG_WARN_BLOCK_CAPTURE_AUTORELEASING = YES;
				CLANG_WARN_BOOL_CONVERSION = YES;
				CLANG_WARN_COMMA = YES;
				CLANG_WARN_CONSTANT_CONVERSION = YES;
				CLANG_WARN_DEPRECATED_OBJC_IMPLEMENTATIONS = YES;
				CLANG_WARN_DIRECT_OBJC_ISA_USAGE = YES_ERROR;
				CLANG_WARN_DOCUMENTATION_COMMENTS = YES;
				CLANG_WARN_EMPTY_BODY = YES;
				CLANG_WARN_ENUM_CONVERSION = YES;
				CLANG_WARN_INFINITE_RECURSION = YES;
				CLANG_WARN_INT_CONVERSION = YES;
				CLANG_WARN_NON_LITERAL_NULL_CONVERSION = YES;
				CLANG_WARN_OBJC_IMPLICIT_RETAIN_SELF = YES;
				CLANG_WARN_OBJC_LITERAL_CONVERSION = YES;
				CLANG_WARN_OBJC_ROOT_CLASS = YES_ERROR;
				CLANG_WARN_QUOTED_INCLUDE_IN_FRAMEWORK_HEADER = YES;
				CLANG_WARN_RANGE_LOOP_ANALYSIS = YES;
				CLANG_WARN_STRICT_PROTOTYPES = YES;
				CLANG_WARN_SUSPICIOUS_MOVE = YES;
				CLANG_WARN_UNGUARDED_AVAILABILITY = YES_AGGRESSIVE;
				CLANG_WARN_UNREACHABLE_CODE = YES;
				CLANG_WARN__DUPLICATE_METHOD_MATCH = YES;
				COPY_PHASE_STRIP = NO;
				DEBUG_INFORMATION_FORMAT = "dwarf-with-dsym";
				ENABLE_NS_ASSERTIONS = NO;
				ENABLE_STRICT_OBJC_MSGSEND = YES;
				ENABLE_USER_SCRIPT_SANDBOXING = YES;
				GCC_C_LANGUAGE_STANDARD = gnu17;
				GCC_NO_COMMON_BLOCKS = YES;
				GCC_WARN_64_TO_32_BIT_CONVERSION = YES;
				GCC_WARN_ABOUT_RETURN_TYPE = YES_ERROR;
				GCC_WARN_UNDECLARED_SELECTOR = YES;
				GCC_WARN_UNINITIALIZED_AUTOS = YES_AGGRESSIVE;
				GCC_WARN_UNUSED_FUNCTION = YES;
				GCC_WARN_UNUSED_VARIABLE = YES;
				IPHONEOS_DEPLOYMENT_TARGET = 26.1;
				LOCALIZATION_PREFERS_STRING_CATALOGS = YES;
				MTL_ENABLE_DEBUG_INFO = NO;
				MTL_FAST_MATH = YES;
				SDKROOT = iphoneos;
				SWIFT_COMPILATION_MODE = wholemodule;
				SWIFT_EMIT_LOC_STRINGS = YES;
				VALIDATE_PRODUCT = YES;
			};
			name = Release;
		};
		45E1DEF02F39C78800F2A199 /* Debug */ = {
			isa = XCBuildConfiguration;
			buildSettings = {
				ASSETCATALOG_COMPILER_APPICON_NAME = AppIcon;
				ASSETCATALOG_COMPILER_GLOBAL_ACCENT_COLOR_NAME = AccentColor;
				ASSETCATALOG_COMPILER_INCLUDE_ALL_APPICON_ASSETS = NO;
				CODE_SIGN_IDENTITY = "Apple Development";
				CODE_SIGN_STYLE = Automatic;
				CURRENT_PROJECT_VERSION = 1;
				DEVELOPMENT_TEAM = 47QW28275Y;
				ENABLE_PREVIEWS = YES;
				GENERATE_INFOPLIST_FILE = YES;
				INFOPLIST_FILE = AjjiL/Info.plist;
				INFOPLIST_KEY_LSApplicationCategoryType = "";
				INFOPLIST_KEY_NSCameraUsageDescription = "We need access to your camera to scan product barcodes.";
				INFOPLIST_KEY_UIApplicationSceneManifest_Generation = YES;
				INFOPLIST_KEY_UIApplicationSupportsIndirectInputEvents = YES;
				INFOPLIST_KEY_UILaunchScreen_Generation = YES;
				INFOPLIST_KEY_UISupportedInterfaceOrientations = "UIInterfaceOrientationLandscapeLeft UIInterfaceOrientationLandscapeRight UIInterfaceOrientationPortrait";
				INFOPLIST_KEY_UISupportedInterfaceOrientations_iPad = "UIInterfaceOrientationPortrait UIInterfaceOrientationPortraitUpsideDown";
				IPHONEOS_DEPLOYMENT_TARGET = 17;
				LD_RUNPATH_SEARCH_PATHS = (
					"$(inherited)",
					"@executable_path/Frameworks",
				);
				MARKETING_VERSION = 1.0;
				PRODUCT_BUNDLE_IDENTIFIER = mohamedBadawy.AjjiLjjj;
				PRODUCT_NAME = "$(TARGET_NAME)";
				PROVISIONING_PROFILE_SPECIFIER = "";
				STRING_CATALOG_GENERATE_SYMBOLS = YES;
				SUPPORTED_PLATFORMS = "iphoneos iphonesimulator";
				SUPPORTS_MACCATALYST = NO;
				SUPPORTS_MAC_DESIGNED_FOR_IPHONE_IPAD = NO;
				SUPPORTS_XR_DESIGNED_FOR_IPHONE_IPAD = NO;
				SWIFT_APPROACHABLE_CONCURRENCY = YES;
				SWIFT_DEFAULT_ACTOR_ISOLATION = MainActor;
				SWIFT_EMIT_LOC_STRINGS = YES;
				SWIFT_UPCOMING_FEATURE_MEMBER_IMPORT_VISIBILITY = YES;
				SWIFT_VERSION = 5.0;
				TARGETED_DEVICE_FAMILY = "1,2";
			};
			name = Debug;
		};
		45E1DEF12F39C78800F2A199 /* Release */ = {
			isa = XCBuildConfiguration;
			buildSettings = {
				ASSETCATALOG_COMPILER_APPICON_NAME = AppIcon;
				ASSETCATALOG_COMPILER_GLOBAL_ACCENT_COLOR_NAME = AccentColor;
				ASSETCATALOG_COMPILER_INCLUDE_ALL_APPICON_ASSETS = NO;
				CODE_SIGN_IDENTITY = "Apple Development";
				CODE_SIGN_STYLE = Automatic;
				CURRENT_PROJECT_VERSION = 1;
				DEVELOPMENT_TEAM = 47QW28275Y;
				ENABLE_PREVIEWS = YES;
				GENERATE_INFOPLIST_FILE = YES;
				INFOPLIST_FILE = AjjiL/Info.plist;
				INFOPLIST_KEY_LSApplicationCategoryType = "";
				INFOPLIST_KEY_NSCameraUsageDescription = "We need access to your camera to scan product barcodes.";
				INFOPLIST_KEY_UIApplicationSceneManifest_Generation = YES;
				INFOPLIST_KEY_UIApplicationSupportsIndirectInputEvents = YES;
				INFOPLIST_KEY_UILaunchScreen_Generation = YES;
				INFOPLIST_KEY_UISupportedInterfaceOrientations = "UIInterfaceOrientationLandscapeLeft UIInterfaceOrientationLandscapeRight UIInterfaceOrientationPortrait";
				INFOPLIST_KEY_UISupportedInterfaceOrientations_iPad = "UIInterfaceOrientationPortrait UIInterfaceOrientationPortraitUpsideDown";
				IPHONEOS_DEPLOYMENT_TARGET = 17;
				LD_RUNPATH_SEARCH_PATHS = (
					"$(inherited)",
					"@executable_path/Frameworks",
				);
				MARKETING_VERSION = 1.0;
				PRODUCT_BUNDLE_IDENTIFIER = mohamedBadawy.AjjiLjjj;
				PRODUCT_NAME = "$(TARGET_NAME)";
				PROVISIONING_PROFILE_SPECIFIER = "";
				STRING_CATALOG_GENERATE_SYMBOLS = YES;
				SUPPORTED_PLATFORMS = "iphoneos iphonesimulator";
				SUPPORTS_MACCATALYST = NO;
				SUPPORTS_MAC_DESIGNED_FOR_IPHONE_IPAD = NO;
				SUPPORTS_XR_DESIGNED_FOR_IPHONE_IPAD = NO;
				SWIFT_APPROACHABLE_CONCURRENCY = YES;
				SWIFT_DEFAULT_ACTOR_ISOLATION = MainActor;
				SWIFT_EMIT_LOC_STRINGS = YES;
				SWIFT_UPCOMING_FEATURE_MEMBER_IMPORT_VISIBILITY = YES;
				SWIFT_VERSION = 5.0;
				TARGETED_DEVICE_FAMILY = "1,2";
			};
			name = Release;
		};
/* End XCBuildConfiguration section */

/* Begin XCConfigurationList section */
		45E1DEDF2F39C78500F2A199 /* Build configuration list for PBXProject "AjjiLMB" */ = {
			isa = XCConfigurationList;
			buildConfigurations = (
				45E1DEED2F39C78800F2A199 /* Debug */,
				45E1DEEE2F39C78800F2A199 /* Release */,
			);
			defaultConfigurationIsVisible = 0;
			defaultConfigurationName = Release;
		};
		45E1DEEF2F39C78800F2A199 /* Build configuration list for PBXNativeTarget "AjjiLMB" */ = {
			isa = XCConfigurationList;
			buildConfigurations = (
				45E1DEF02F39C78800F2A199 /* Debug */,
				45E1DEF12F39C78800F2A199 /* Release */,
			);
			defaultConfigurationIsVisible = 0;
			defaultConfigurationName = Release;
		};
/* End XCConfigurationList section */

/* Begin XCRemoteSwiftPackageReference section */
		451ED6A92F5860C6009AC3EA /* XCRemoteSwiftPackageReference "IQKeyboardManager" */ = {
			isa = XCRemoteSwiftPackageReference;
			repositoryURL = "https://github.com/hackiftekhar/IQKeyboardManager";
			requirement = {
				kind = upToNextMajorVersion;
				minimumVersion = 8.0.2;
			};
		};
		4580C6E72F7F0B05003BBEBE /* XCRemoteSwiftPackageReference "kingfisher" */ = {
			isa = XCRemoteSwiftPackageReference;
			repositoryURL = "https://github.com/onevcat/kingfisher";
			requirement = {
				kind = upToNextMajorVersion;
				minimumVersion = 8.8.1;
			};
		};
		45AFE61C2F90E84700380C1C /* XCRemoteSwiftPackageReference "swiftui-Shimmer" */ = {
			isa = XCRemoteSwiftPackageReference;
			repositoryURL = "https://github.com/markiv/swiftui-Shimmer";
			requirement = {
				kind = exactVersion;
				version = 1.5.1;
			};
		};
		45D324002F4C721D00C34BF1 /* XCRemoteSwiftPackageReference "MOLH" */ = {
			isa = XCRemoteSwiftPackageReference;
			repositoryURL = "https://github.com/MoathOthman/MOLH.git";
			requirement = {
				kind = upToNextMajorVersion;
				minimumVersion = 1.2.0;
			};
		};
		45F6D9482F62DE7A0027A6D7 /* XCRemoteSwiftPackageReference "firebase-ios-sdk" */ = {
			isa = XCRemoteSwiftPackageReference;
			repositoryURL = "https://github.com/firebase/firebase-ios-sdk";
			requirement = {
				kind = upToNextMajorVersion;
				minimumVersion = 12.10.0;
			};
		};
/* End XCRemoteSwiftPackageReference section */

/* Begin XCSwiftPackageProductDependency section */
		4514B9662F62E11D000C09AF /* FirebaseCore */ = {
			isa = XCSwiftPackageProductDependency;
			package = 45F6D9482F62DE7A0027A6D7 /* XCRemoteSwiftPackageReference "firebase-ios-sdk" */;
			productName = FirebaseCore;
		};
		4514B9682F62E1B4000C09AF /* FirebaseAnalytics */ = {
			isa = XCSwiftPackageProductDependency;
			package = 45F6D9482F62DE7A0027A6D7 /* XCRemoteSwiftPackageReference "firebase-ios-sdk" */;
			productName = FirebaseAnalytics;
		};
		4514B96A2F62E1C1000C09AF /* FirebaseAppDistribution-Beta */ = {
			isa = XCSwiftPackageProductDependency;
			package = 45F6D9482F62DE7A0027A6D7 /* XCRemoteSwiftPackageReference "firebase-ios-sdk" */;
			productName = "FirebaseAppDistribution-Beta";
		};
		451ED6AA2F5860C6009AC3EA /* IQKeyboardManagerSwift */ = {
			isa = XCSwiftPackageProductDependency;
			package = 451ED6A92F5860C6009AC3EA /* XCRemoteSwiftPackageReference "IQKeyboardManager" */;
			productName = IQKeyboardManagerSwift;
		};
		4580C6E82F7F0B05003BBEBE /* Kingfisher */ = {
			isa = XCSwiftPackageProductDependency;
			package = 4580C6E72F7F0B05003BBEBE /* XCRemoteSwiftPackageReference "kingfisher" */;
			productName = Kingfisher;
		};
		45AFE61D2F90E84700380C1C /* Shimmer */ = {
			isa = XCSwiftPackageProductDependency;
			package = 45AFE61C2F90E84700380C1C /* XCRemoteSwiftPackageReference "swiftui-Shimmer" */;
			productName = Shimmer;
		};
		45D324012F4C721D00C34BF1 /* MOLH */ = {
			isa = XCSwiftPackageProductDependency;
			package = 45D324002F4C721D00C34BF1 /* XCRemoteSwiftPackageReference "MOLH" */;
			productName = MOLH;
		};
/* End XCSwiftPackageProductDependency section */
	};
	rootObject = 45E1DEDC2F39C78500F2A199 /* Project object */;
}
